// !$*UTF8*$!
{
	archiveVersion = 1;
	classes = {
	};
	objectVersion = 56;
	objects = {

/* Begin PBXBuildFile section */
		0C3F6D7D2C1BC34600379EF3 /* ItemListViewController.swift in Sources */ = {isa = PBXBuildFile; fileRef = 0C3F6D7C2C1BC34600379EF3 /* ItemListViewController.swift */; };
		0C3F6D7F2C1BC3B200379EF3 /* ShopItem.swift in Sources */ = {isa = PBXBuildFile; fileRef = 0C3F6D7E2C1BC3B200379EF3 /* ShopItem.swift */; };
		0C3F6D812C1BC67900379EF3 /* ShopItemTableViewCell.swift in Sources */ = {isa = PBXBuildFile; fileRef = 0C3F6D802C1BC67900379EF3 /* ShopItemTableViewCell.swift */; };
		0C723C7B2C1A708300982F3E /* Images.xcassets in Resources */ = {isa = PBXBuildFile; fileRef = 0C723C7A2C1A708300982F3E /* Images.xcassets */; };
		1C1302152C1183B800E62DAE /* CategoryViewController.swift in Sources */ = {isa = PBXBuildFile; fileRef = 1C1302142C1183B800E62DAE /* CategoryViewController.swift */; };
		1C1302172C118F8200E62DAE /* CategoryCollectionViewCell.swift in Sources */ = {isa = PBXBuildFile; fileRef = 1C1302162C118F8200E62DAE /* CategoryCollectionViewCell.swift */; };
		1C13021D2C11939100E62DAE /* Strings.swift in Sources */ = {isa = PBXBuildFile; fileRef = 1C13021C2C11939100E62DAE /* Strings.swift */; };
		1C864B232C11EBAA00031163 /* AddCategoryViewController.swift in Sources */ = {isa = PBXBuildFile; fileRef = 1C864B222C11EBAA00031163 /* AddCategoryViewController.swift */; };
		1C864B262C11EDE200031163 /* Colors.xcassets in Resources */ = {isa = PBXBuildFile; fileRef = 1C864B252C11EDE200031163 /* Colors.xcassets */; };
		1C864B292C11EF1400031163 /* CategoryViewModel.swift in Sources */ = {isa = PBXBuildFile; fileRef = 1C864B282C11EF1400031163 /* CategoryViewModel.swift */; };
		1CBB08982C1212B2005E110E /* Category.swift in Sources */ = {isa = PBXBuildFile; fileRef = 1CBB08972C1212B2005E110E /* Category.swift */; };
		1CFED4CC2BF2177C0001BE9D /* AppDelegate.swift in Sources */ = {isa = PBXBuildFile; fileRef = 1CFED4CB2BF2177C0001BE9D /* AppDelegate.swift */; };
		1CFED4CE2BF2177C0001BE9D /* SceneDelegate.swift in Sources */ = {isa = PBXBuildFile; fileRef = 1CFED4CD2BF2177C0001BE9D /* SceneDelegate.swift */; };
		1CFED4D52BF2177F0001BE9D /* Assets.xcassets in Resources */ = {isa = PBXBuildFile; fileRef = 1CFED4D42BF2177F0001BE9D /* Assets.xcassets */; };
		1CFED4D82BF2177F0001BE9D /* Base in Resources */ = {isa = PBXBuildFile; fileRef = 1CFED4D72BF2177F0001BE9D /* Base */; };
		1CFED4E32BF2177F0001BE9D /* SampleAppTests.swift in Sources */ = {isa = PBXBuildFile; fileRef = 1CFED4E22BF2177F0001BE9D /* SampleAppTests.swift */; };
		1CFED4ED2BF2177F0001BE9D /* SampleAppUITests.swift in Sources */ = {isa = PBXBuildFile; fileRef = 1CFED4EC2BF2177F0001BE9D /* SampleAppUITests.swift */; };
		1CFED4EF2BF2177F0001BE9D /* SampleAppUITestsLaunchTests.swift in Sources */ = {isa = PBXBuildFile; fileRef = 1CFED4EE2BF2177F0001BE9D /* SampleAppUITestsLaunchTests.swift */; };
/* End PBXBuildFile section */

/* Begin PBXContainerItemProxy section */
		1CFED4DF2BF2177F0001BE9D /* PBXContainerItemProxy */ = {
			isa = PBXContainerItemProxy;
			containerPortal = 1CFED4C02BF2177C0001BE9D /* Project object */;
			proxyType = 1;
			remoteGlobalIDString = 1CFED4C72BF2177C0001BE9D;
			remoteInfo = SampleApp;
		};
		1CFED4E92BF2177F0001BE9D /* PBXContainerItemProxy */ = {
			isa = PBXContainerItemProxy;
			containerPortal = 1CFED4C02BF2177C0001BE9D /* Project object */;
			proxyType = 1;
			remoteGlobalIDString = 1CFED4C72BF2177C0001BE9D;
			remoteInfo = SampleApp;
		};
/* End PBXContainerItemProxy section */

/* Begin PBXFileReference section */
		0C3F6D7C2C1BC34600379EF3 /* ItemListViewController.swift */ = {isa = PBXFileReference; lastKnownFileType = sourcecode.swift; path = ItemListViewController.swift; sourceTree = "<group>"; };
		0C3F6D7E2C1BC3B200379EF3 /* ShopItem.swift */ = {isa = PBXFileReference; lastKnownFileType = sourcecode.swift; path = ShopItem.swift; sourceTree = "<group>"; };
		0C3F6D802C1BC67900379EF3 /* ShopItemTableViewCell.swift */ = {isa = PBXFileReference; lastKnownFileType = sourcecode.swift; path = ShopItemTableViewCell.swift; sourceTree = "<group>"; };
		0C723C7A2C1A708300982F3E /* Images.xcassets */ = {isa = PBXFileReference; lastKnownFileType = folder.assetcatalog; path = Images.xcassets; sourceTree = "<group>"; };
		1C1302142C1183B800E62DAE /* CategoryViewController.swift */ = {isa = PBXFileReference; lastKnownFileType = sourcecode.swift; path = CategoryViewController.swift; sourceTree = "<group>"; };
		1C1302162C118F8200E62DAE /* CategoryCollectionViewCell.swift */ = {isa = PBXFileReference; lastKnownFileType = sourcecode.swift; path = CategoryCollectionViewCell.swift; sourceTree = "<group>"; };
		1C13021C2C11939100E62DAE /* Strings.swift */ = {isa = PBXFileReference; lastKnownFileType = sourcecode.swift; path = Strings.swift; sourceTree = "<group>"; };
		1C864B222C11EBAA00031163 /* AddCategoryViewController.swift */ = {isa = PBXFileReference; lastKnownFileType = sourcecode.swift; path = AddCategoryViewController.swift; sourceTree = "<group>"; };
		1C864B252C11EDE200031163 /* Colors.xcassets */ = {isa = PBXFileReference; lastKnownFileType = folder.assetcatalog; path = Colors.xcassets; sourceTree = "<group>"; };
		1C864B282C11EF1400031163 /* CategoryViewModel.swift */ = {isa = PBXFileReference; lastKnownFileType = sourcecode.swift; path = CategoryViewModel.swift; sourceTree = "<group>"; };
		1CBB08972C1212B2005E110E /* Category.swift */ = {isa = PBXFileReference; lastKnownFileType = sourcecode.swift; path = Category.swift; sourceTree = "<group>"; };
		1CFED4C82BF2177C0001BE9D /* SampleApp.app */ = {isa = PBXFileReference; explicitFileType = wrapper.application; includeInIndex = 0; path = SampleApp.app; sourceTree = BUILT_PRODUCTS_DIR; };
		1CFED4CB2BF2177C0001BE9D /* AppDelegate.swift */ = {isa = PBXFileReference; lastKnownFileType = sourcecode.swift; path = AppDelegate.swift; sourceTree = "<group>"; };
		1CFED4CD2BF2177C0001BE9D /* SceneDelegate.swift */ = {isa = PBXFileReference; lastKnownFileType = sourcecode.swift; path = SceneDelegate.swift; sourceTree = "<group>"; };
		1CFED4D42BF2177F0001BE9D /* Assets.xcassets */ = {isa = PBXFileReference; lastKnownFileType = folder.assetcatalog; path = Assets.xcassets; sourceTree = "<group>"; };
		1CFED4D72BF2177F0001BE9D /* Base */ = {isa = PBXFileReference; lastKnownFileType = file.storyboard; name = Base; path = Base.lproj/LaunchScreen.storyboard; sourceTree = "<group>"; };
		1CFED4D92BF2177F0001BE9D /* Info.plist */ = {isa = PBXFileReference; lastKnownFileType = text.plist.xml; path = Info.plist; sourceTree = "<group>"; };
		1CFED4DE2BF2177F0001BE9D /* SampleAppTests.xctest */ = {isa = PBXFileReference; explicitFileType = wrapper.cfbundle; includeInIndex = 0; path = SampleAppTests.xctest; sourceTree = BUILT_PRODUCTS_DIR; };
		1CFED4E22BF2177F0001BE9D /* SampleAppTests.swift */ = {isa = PBXFileReference; lastKnownFileType = sourcecode.swift; path = SampleAppTests.swift; sourceTree = "<group>"; };
		1CFED4E82BF2177F0001BE9D /* SampleAppUITests.xctest */ = {isa = PBXFileReference; explicitFileType = wrapper.cfbundle; includeInIndex = 0; path = SampleAppUITests.xctest; sourceTree = BUILT_PRODUCTS_DIR; };
		1CFED4EC2BF2177F0001BE9D /* SampleAppUITests.swift */ = {isa = PBXFileReference; lastKnownFileType = sourcecode.swift; path = SampleAppUITests.swift; sourceTree = "<group>"; };
		1CFED4EE2BF2177F0001BE9D /* SampleAppUITestsLaunchTests.swift */ = {isa = PBXFileReference; lastKnownFileType = sourcecode.swift; path = SampleAppUITestsLaunchTests.swift; sourceTree = "<group>"; };
/* End PBXFileReference section */

/* Begin PBXFrameworksBuildPhase section */
		1CFED4C52BF2177C0001BE9D /* Frameworks */ = {
			isa = PBXFrameworksBuildPhase;
			buildActionMask = 2147483647;
			files = (
			);
			runOnlyForDeploymentPostprocessing = 0;
		};
		1CFED4DB2BF2177F0001BE9D /* Frameworks */ = {
			isa = PBXFrameworksBuildPhase;
			buildActionMask = 2147483647;
			files = (
			);
			runOnlyForDeploymentPostprocessing = 0;
		};
		1CFED4E52BF2177F0001BE9D /* Frameworks */ = {
			isa = PBXFrameworksBuildPhase;
			buildActionMask = 2147483647;
			files = (
			);
			runOnlyForDeploymentPostprocessing = 0;
		};
/* End PBXFrameworksBuildPhase section */

/* Begin PBXGroup section */
		0C3F6D7B2C1BC32900379EF3 /* ItemList */ = {
			isa = PBXGroup;
			children = (
				0C3F6D7C2C1BC34600379EF3 /* ItemListViewController.swift */,
			);
			path = ItemList;
			sourceTree = "<group>";
		};
		1C1302132C11821300E62DAE /* DailyNeeds */ = {
			isa = PBXGroup;
			children = (
				0C3F6D7B2C1BC32900379EF3 /* ItemList */,
				1CBB08962C12129A005E110E /* Models */,
				1C864B272C11EEE900031163 /* Categories */,
				1C13021A2C11937200E62DAE /* Helpers */,
				1C1302192C11900600E62DAE /* Cells */,
			);
			path = DailyNeeds;
			sourceTree = "<group>";
		};
		1C1302192C11900600E62DAE /* Cells */ = {
			isa = PBXGroup;
			children = (
				1C1302162C118F8200E62DAE /* CategoryCollectionViewCell.swift */,
				0C3F6D802C1BC67900379EF3 /* ShopItemTableViewCell.swift */,
			);
			path = Cells;
			sourceTree = "<group>";
		};
		1C13021A2C11937200E62DAE /* Helpers */ = {
			isa = PBXGroup;
			children = (
				1C13021B2C11937A00E62DAE /* Constants */,
			);
			path = Helpers;
			sourceTree = "<group>";
		};
		1C13021B2C11937A00E62DAE /* Constants */ = {
			isa = PBXGroup;
			children = (
				1C13021C2C11939100E62DAE /* Strings.swift */,
			);
			path = Constants;
			sourceTree = "<group>";
		};
		1C864B242C11EDA000031163 /* Resources */ = {
			isa = PBXGroup;
			children = (
				1C864B252C11EDE200031163 /* Colors.xcassets */,
				0C723C7A2C1A708300982F3E /* Images.xcassets */,
			);
			path = Resources;
			sourceTree = "<group>";
		};
		1C864B272C11EEE900031163 /* Categories */ = {
			isa = PBXGroup;
			children = (
				1C864B282C11EF1400031163 /* CategoryViewModel.swift */,
				1C1302142C1183B800E62DAE /* CategoryViewController.swift */,
				1C864B222C11EBAA00031163 /* AddCategoryViewController.swift */,
			);
			path = Categories;
			sourceTree = "<group>";
		};
		1CBB08962C12129A005E110E /* Models */ = {
			isa = PBXGroup;
			children = (
				1CBB08972C1212B2005E110E /* Category.swift */,
				0C3F6D7E2C1BC3B200379EF3 /* ShopItem.swift */,
			);
			path = Models;
			sourceTree = "<group>";
		};
		1CFED4BF2BF2177C0001BE9D = {
			isa = PBXGroup;
			children = (
				1CFED4CA2BF2177C0001BE9D /* SampleApp */,
				1CFED4E12BF2177F0001BE9D /* SampleAppTests */,
				1CFED4EB2BF2177F0001BE9D /* SampleAppUITests */,
				1CFED4C92BF2177C0001BE9D /* Products */,
			);
			sourceTree = "<group>";
		};
		1CFED4C92BF2177C0001BE9D /* Products */ = {
			isa = PBXGroup;
			children = (
				1CFED4C82BF2177C0001BE9D /* SampleApp.app */,
				1CFED4DE2BF2177F0001BE9D /* SampleAppTests.xctest */,
				1CFED4E82BF2177F0001BE9D /* SampleAppUITests.xctest */,
			);
			name = Products;
			sourceTree = "<group>";
		};
		1CFED4CA2BF2177C0001BE9D /* SampleApp */ = {
			isa = PBXGroup;
			children = (
				1C864B242C11EDA000031163 /* Resources */,
				1C1302132C11821300E62DAE /* DailyNeeds */,
				1CFED4CB2BF2177C0001BE9D /* AppDelegate.swift */,
				1CFED4CD2BF2177C0001BE9D /* SceneDelegate.swift */,
				1CFED4D42BF2177F0001BE9D /* Assets.xcassets */,
				1CFED4D62BF2177F0001BE9D /* LaunchScreen.storyboard */,
				1CFED4D92BF2177F0001BE9D /* Info.plist */,
			);
			path = SampleApp;
			sourceTree = "<group>";
		};
		1CFED4E12BF2177F0001BE9D /* SampleAppTests */ = {
			isa = PBXGroup;
			children = (
				1CFED4E22BF2177F0001BE9D /* SampleAppTests.swift */,
			);
			path = SampleAppTests;
			sourceTree = "<group>";
		};
		1CFED4EB2BF2177F0001BE9D /* SampleAppUITests */ = {
			isa = PBXGroup;
			children = (
				1CFED4EC2BF2177F0001BE9D /* SampleAppUITests.swift */,
				1CFED4EE2BF2177F0001BE9D /* SampleAppUITestsLaunchTests.swift */,
			);
			path = SampleAppUITests;
			sourceTree = "<group>";
		};
/* End PBXGroup section */

/* Begin PBXNativeTarget section */
		1CFED4C72BF2177C0001BE9D /* SampleApp */ = {
			isa = PBXNativeTarget;
			buildConfigurationList = 1CFED4F22BF2177F0001BE9D /* Build configuration list for PBXNativeTarget "SampleApp" */;
			buildPhases = (
				1CFED4C42BF2177C0001BE9D /* Sources */,
				1CFED4C52BF2177C0001BE9D /* Frameworks */,
				1CFED4C62BF2177C0001BE9D /* Resources */,
			);
			buildRules = (
			);
			dependencies = (
			);
			name = SampleApp;
			productName = SampleApp;
			productReference = 1CFED4C82BF2177C0001BE9D /* SampleApp.app */;
			productType = "com.apple.product-type.application";
		};
		1CFED4DD2BF2177F0001BE9D /* SampleAppTests */ = {
			isa = PBXNativeTarget;
			buildConfigurationList = 1CFED4F52BF2177F0001BE9D /* Build configuration list for PBXNativeTarget "SampleAppTests" */;
			buildPhases = (
				1CFED4DA2BF2177F0001BE9D /* Sources */,
				1CFED4DB2BF2177F0001BE9D /* Frameworks */,
				1CFED4DC2BF2177F0001BE9D /* Resources */,
			);
			buildRules = (
			);
			dependencies = (
				1CFED4E02BF2177F0001BE9D /* PBXTargetDependency */,
			);
			name = SampleAppTests;
			productName = SampleAppTests;
			productReference = 1CFED4DE2BF2177F0001BE9D /* SampleAppTests.xctest */;
			productType = "com.apple.product-type.bundle.unit-test";
		};
		1CFED4E72BF2177F0001BE9D /* SampleAppUITests */ = {
			isa = PBXNativeTarget;
			buildConfigurationList = 1CFED4F82BF2177F0001BE9D /* Build configuration list for PBXNativeTarget "SampleAppUITests" */;
			buildPhases = (
				1CFED4E42BF2177F0001BE9D /* Sources */,
				1CFED4E52BF2177F0001BE9D /* Frameworks */,
				1CFED4E62BF2177F0001BE9D /* Resources */,
			);
			buildRules = (
			);
			dependencies = (
				1CFED4EA2BF2177F0001BE9D /* PBXTargetDependency */,
			);
			name = SampleAppUITests;
			productName = SampleAppUITests;
			productReference = 1CFED4E82BF2177F0001BE9D /* SampleAppUITests.xctest */;
			productType = "com.apple.product-type.bundle.ui-testing";
		};
/* End PBXNativeTarget section */

/* Begin PBXProject section */
		1CFED4C02BF2177C0001BE9D /* Project object */ = {
			isa = PBXProject;
			attributes = {
				BuildIndependentTargetsInParallel = 1;
				LastSwiftUpdateCheck = 1530;
				LastUpgradeCheck = 1530;
				TargetAttributes = {
					1CFED4C72BF2177C0001BE9D = {
						CreatedOnToolsVersion = 15.3;
					};
					1CFED4DD2BF2177F0001BE9D = {
						CreatedOnToolsVersion = 15.3;
						TestTargetID = 1CFED4C72BF2177C0001BE9D;
					};
					1CFED4E72BF2177F0001BE9D = {
						CreatedOnToolsVersion = 15.3;
						TestTargetID = 1CFED4C72BF2177C0001BE9D;
					};
				};
			};
			buildConfigurationList = 1CFED4C32BF2177C0001BE9D /* Build configuration list for PBXProject "SampleApp" */;
			compatibilityVersion = "Xcode 14.0";
			developmentRegion = en;
			hasScannedForEncodings = 0;
			knownRegions = (
				en,
				Base,
			);
			mainGroup = 1CFED4BF2BF2177C0001BE9D;
			productRefGroup = 1CFED4C92BF2177C0001BE9D /* Products */;
			projectDirPath = "";
			projectRoot = "";
			targets = (
				1CFED4C72BF2177C0001BE9D /* SampleApp */,
				1CFED4DD2BF2177F0001BE9D /* SampleAppTests */,
				1CFED4E72BF2177F0001BE9D /* SampleAppUITests */,
			);
		};
/* End PBXProject section */

/* Begin PBXResourcesBuildPhase section */
		1CFED4C62BF2177C0001BE9D /* Resources */ = {
			isa = PBXResourcesBuildPhase;
			buildActionMask = 2147483647;
			files = (
				1CFED4D52BF2177F0001BE9D /* Assets.xcassets in Resources */,
				0C723C7B2C1A708300982F3E /* Images.xcassets in Resources */,
				1C864B262C11EDE200031163 /* Colors.xcassets in Resources */,
				1CFED4D82BF2177F0001BE9D /* Base in Resources */,
			);
			runOnlyForDeploymentPostprocessing = 0;
		};
		1CFED4DC2BF2177F0001BE9D /* Resources */ = {
			isa = PBXResourcesBuildPhase;
			buildActionMask = 2147483647;
			files = (
			);
			runOnlyForDeploymentPostprocessing = 0;
		};
		1CFED4E62BF2177F0001BE9D /* Resources */ = {
			isa = PBXResourcesBuildPhase;
			buildActionMask = 2147483647;
			files = (
			);
			runOnlyForDeploymentPostprocessing = 0;
		};
/* End PBXResourcesBuildPhase section */

/* Begin PBXSourcesBuildPhase section */
		1CFED4C42BF2177C0001BE9D /* Sources */ = {
			isa = PBXSourcesBuildPhase;
			buildActionMask = 2147483647;
			files = (
				1CFED4CC2BF2177C0001BE9D /* AppDelegate.swift in Sources */,
				1CFED4CE2BF2177C0001BE9D /* SceneDelegate.swift in Sources */,
				0C3F6D7F2C1BC3B200379EF3 /* ShopItem.swift in Sources */,
				0C3F6D7D2C1BC34600379EF3 /* ItemListViewController.swift in Sources */,
				1C864B232C11EBAA00031163 /* AddCategoryViewController.swift in Sources */,
				1CBB08982C1212B2005E110E /* Category.swift in Sources */,
				1C1302172C118F8200E62DAE /* CategoryCollectionViewCell.swift in Sources */,
				1C864B292C11EF1400031163 /* CategoryViewModel.swift in Sources */,
				1C13021D2C11939100E62DAE /* Strings.swift in Sources */,
				1C1302152C1183B800E62DAE /* CategoryViewController.swift in Sources */,
				0C3F6D812C1BC67900379EF3 /* ShopItemTableViewCell.swift in Sources */,
			);
			runOnlyForDeploymentPostprocessing = 0;
		};
		1CFED4DA2BF2177F0001BE9D /* Sources */ = {
			isa = PBXSourcesBuildPhase;
			buildActionMask = 2147483647;
			files = (
				1CFED4E32BF2177F0001BE9D /* SampleAppTests.swift in Sources */,
			);
			runOnlyForDeploymentPostprocessing = 0;
		};
		1CFED4E42BF2177F0001BE9D /* Sources */ = {
			isa = PBXSourcesBuildPhase;
			buildActionMask = 2147483647;
			files = (
				1CFED4EF2BF2177F0001BE9D /* SampleAppUITestsLaunchTests.swift in Sources */,
				1CFED4ED2BF2177F0001BE9D /* SampleAppUITests.swift in Sources */,
			);
			runOnlyForDeploymentPostprocessing = 0;
		};
/* End PBXSourcesBuildPhase section */

/* Begin PBXTargetDependency section */
		1CFED4E02BF2177F0001BE9D /* PBXTargetDependency */ = {
			isa = PBXTargetDependency;
			target = 1CFED4C72BF2177C0001BE9D /* SampleApp */;
			targetProxy = 1CFED4DF2BF2177F0001BE9D /* PBXContainerItemProxy */;
		};
		1CFED4EA2BF2177F0001BE9D /* PBXTargetDependency */ = {
			isa = PBXTargetDependency;
			target = 1CFED4C72BF2177C0001BE9D /* SampleApp */;
			targetProxy = 1CFED4E92BF2177F0001BE9D /* PBXContainerItemProxy */;
		};
/* End PBXTargetDependency section */

/* Begin PBXVariantGroup section */
		1CFED4D62BF2177F0001BE9D /* LaunchScreen.storyboard */ = {
			isa = PBXVariantGroup;
			children = (
				1CFED4D72BF2177F0001BE9D /* Base */,
			);
			name = LaunchScreen.storyboard;
			sourceTree = "<group>";
		};
/* End PBXVariantGroup section */

/* Begin XCBuildConfiguration section */
		1CFED4F02BF2177F0001BE9D /* Debug */ = {
			isa = XCBuildConfiguration;
			buildSettings = {
				ALWAYS_SEARCH_USER_PATHS = NO;
				ASSETCATALOG_COMPILER_GENERATE_SWIFT_ASSET_SYMBOL_EXTENSIONS = YES;
				CLANG_ANALYZER_NONNULL = YES;
				CLANG_ANALYZER_NUMBER_OBJECT_CONVERSION = YES_AGGRESSIVE;
				CLANG_CXX_LANGUAGE_STANDARD = "gnu++20";
				CLANG_ENABLE_MODULES = YES;
				CLANG_ENABLE_OBJC_ARC = YES;
				CLANG_ENABLE_OBJC_WEAK = YES;
				CLANG_WARN_BLOCK_CAPTURE_AUTORELEASING = YES;
				CLANG_WARN_BOOL_CONVERSION = YES;
				CLANG_WARN_COMMA = YES;
				CLANG_WARN_CONSTANT_CONVERSION = YES;
				CLANG_WARN_DEPRECATED_OBJC_IMPLEMENTATIONS = YES;
				CLANG_WARN_DIRECT_OBJC_ISA_USAGE = YES_ERROR;
				CLANG_WARN_DOCUMENTATION_COMMENTS = YES;
				CLANG_WARN_EMPTY_BODY = YES;
				CLANG_WARN_ENUM_CONVERSION = YES;
				CLANG_WARN_INFINITE_RECURSION = YES;
				CLANG_WARN_INT_CONVERSION = YES;
				CLANG_WARN_NON_LITERAL_NULL_CONVERSION = YES;
				CLANG_WARN_OBJC_IMPLICIT_RETAIN_SELF = YES;
				CLANG_WARN_OBJC_LITERAL_CONVERSION = YES;
				CLANG_WARN_OBJC_ROOT_CLASS = YES_ERROR;
				CLANG_WARN_QUOTED_INCLUDE_IN_FRAMEWORK_HEADER = YES;
				CLANG_WARN_RANGE_LOOP_ANALYSIS = YES;
				CLANG_WARN_STRICT_PROTOTYPES = YES;
				CLANG_WARN_SUSPICIOUS_MOVE = YES;
				CLANG_WARN_UNGUARDED_AVAILABILITY = YES_AGGRESSIVE;
				CLANG_WARN_UNREACHABLE_CODE = YES;
				CLANG_WARN__DUPLICATE_METHOD_MATCH = YES;
				COPY_PHASE_STRIP = NO;
				DEBUG_INFORMATION_FORMAT = dwarf;
				ENABLE_STRICT_OBJC_MSGSEND = YES;
				ENABLE_TESTABILITY = YES;
				ENABLE_USER_SCRIPT_SANDBOXING = YES;
				GCC_C_LANGUAGE_STANDARD = gnu17;
				GCC_DYNAMIC_NO_PIC = NO;
				GCC_NO_COMMON_BLOCKS = YES;
				GCC_OPTIMIZATION_LEVEL = 0;
				GCC_PREPROCESSOR_DEFINITIONS = (
					"DEBUG=1",
					"$(inherited)",
				);
				GCC_WARN_64_TO_32_BIT_CONVERSION = YES;
				GCC_WARN_ABOUT_RETURN_TYPE = YES_ERROR;
				GCC_WARN_UNDECLARED_SELECTOR = YES;
				GCC_WARN_UNINITIALIZED_AUTOS = YES_AGGRESSIVE;
				GCC_WARN_UNUSED_FUNCTION = YES;
				GCC_WARN_UNUSED_VARIABLE = YES;
				IPHONEOS_DEPLOYMENT_TARGET = 17.4;
				LOCALIZATION_PREFERS_STRING_CATALOGS = YES;
				MTL_ENABLE_DEBUG_INFO = INCLUDE_SOURCE;
				MTL_FAST_MATH = YES;
				ONLY_ACTIVE_ARCH = YES;
				SDKROOT = iphoneos;
				SWIFT_ACTIVE_COMPILATION_CONDITIONS = "DEBUG $(inherited)";
				SWIFT_OPTIMIZATION_LEVEL = "-Onone";
			};
			name = Debug;
		};
		1CFED4F12BF2177F0001BE9D /* Release */ = {
			isa = XCBuildConfiguration;
			buildSettings = {
				ALWAYS_SEARCH_USER_PATHS = NO;
				ASSETCATALOG_COMPILER_GENERATE_SWIFT_ASSET_SYMBOL_EXTENSIONS = YES;
				CLANG_ANALYZER_NONNULL = YES;
				CLANG_ANALYZER_NUMBER_OBJECT_CONVERSION = YES_AGGRESSIVE;
				CLANG_CXX_LANGUAGE_STANDARD = "gnu++20";
				CLANG_ENABLE_MODULES = YES;
				CLANG_ENABLE_OBJC_ARC = YES;
				CLANG_ENABLE_OBJC_WEAK = YES;
				CLANG_WARN_BLOCK_CAPTURE_AUTORELEASING = YES;
				CLANG_WARN_BOOL_CONVERSION = YES;
				CLANG_WARN_COMMA = YES;
				CLANG_WARN_CONSTANT_CONVERSION = YES;
				CLANG_WARN_DEPRECATED_OBJC_IMPLEMENTATIONS = YES;
				CLANG_WARN_DIRECT_OBJC_ISA_USAGE = YES_ERROR;
				CLANG_WARN_DOCUMENTATION_COMMENTS = YES;
				CLANG_WARN_EMPTY_BODY = YES;
				CLANG_WARN_ENUM_CONVERSION = YES;
				CLANG_WARN_INFINITE_RECURSION = YES;
				CLANG_WARN_INT_CONVERSION = YES;
				CLANG_WARN_NON_LITERAL_NULL_CONVERSION = YES;
				CLANG_WARN_OBJC_IMPLICIT_RETAIN_SELF = YES;
				CLANG_WARN_OBJC_LITERAL_CONVERSION = YES;
				CLANG_WARN_OBJC_ROOT_CLASS = YES_ERROR;
				CLANG_WARN_QUOTED_INCLUDE_IN_FRAMEWORK_HEADER = YES;
				CLANG_WARN_RANGE_LOOP_ANALYSIS = YES;
				CLANG_WARN_STRICT_PROTOTYPES = YES;
				CLANG_WARN_SUSPICIOUS_MOVE = YES;
				CLANG_WARN_UNGUARDED_AVAILABILITY = YES_AGGRESSIVE;
				CLANG_WARN_UNREACHABLE_CODE = YES;
				CLANG_WARN__DUPLICATE_METHOD_MATCH = YES;
				COPY_PHASE_STRIP = NO;
				DEBUG_INFORMATION_FORMAT = "dwarf-with-dsym";
				ENABLE_NS_ASSERTIONS = NO;
				ENABLE_STRICT_OBJC_MSGSEND = YES;
				ENABLE_USER_SCRIPT_SANDBOXING = YES;
				GCC_C_LANGUAGE_STANDARD = gnu17;
				GCC_NO_COMMON_BLOCKS = YES;
				GCC_WARN_64_TO_32_BIT_CONVERSION = YES;
				GCC_WARN_ABOUT_RETURN_TYPE = YES_ERROR;
				GCC_WARN_UNDECLARED_SELECTOR = YES;
				GCC_WARN_UNINITIALIZED_AUTOS = YES_AGGRESSIVE;
				GCC_WARN_UNUSED_FUNCTION = YES;
				GCC_WARN_UNUSED_VARIABLE = YES;
				IPHONEOS_DEPLOYMENT_TARGET = 17.4;
				LOCALIZATION_PREFERS_STRING_CATALOGS = YES;
				MTL_ENABLE_DEBUG_INFO = NO;
				MTL_FAST_MATH = YES;
				SDKROOT = iphoneos;
				SWIFT_COMPILATION_MODE = wholemodule;
				VALIDATE_PRODUCT = YES;
			};
			name = Release;
		};
		1CFED4F32BF2177F0001BE9D /* Debug */ = {
			isa = XCBuildConfiguration;
			buildSettings = {
				ASSETCATALOG_COMPILER_APPICON_NAME = AppIcon;
				ASSETCATALOG_COMPILER_GLOBAL_ACCENT_COLOR_NAME = AccentColor;
				CODE_SIGN_STYLE = Automatic;
				CURRENT_PROJECT_VERSION = 1;
				DEVELOPMENT_TEAM = KY6RAA56XA;
				GENERATE_INFOPLIST_FILE = YES;
				INFOPLIST_FILE = SampleApp/Info.plist;
				INFOPLIST_KEY_UIApplicationSupportsIndirectInputEvents = YES;
				INFOPLIST_KEY_UILaunchStoryboardName = LaunchScreen;
				INFOPLIST_KEY_UISupportedInterfaceOrientations_iPad = "UIInterfaceOrientationPortrait UIInterfaceOrientationPortraitUpsideDown UIInterfaceOrientationLandscapeLeft UIInterfaceOrientationLandscapeRight";
				INFOPLIST_KEY_UISupportedInterfaceOrientations_iPhone = "UIInterfaceOrientationPortrait UIInterfaceOrientationLandscapeLeft UIInterfaceOrientationLandscapeRight";
				LD_RUNPATH_SEARCH_PATHS = (
					"$(inherited)",
					"@executable_path/Frameworks",
				);
				MARKETING_VERSION = 1.0;
				PRODUCT_BUNDLE_IDENTIFIER = com.party.SampleApp;
				PRODUCT_NAME = "$(TARGET_NAME)";
				SWIFT_EMIT_LOC_STRINGS = YES;
				SWIFT_VERSION = 5.0;
				TARGETED_DEVICE_FAMILY = "1,2";
			};
			name = Debug;
		};
		1CFED4F42BF2177F0001BE9D /* Release */ = {
			isa = XCBuildConfiguration;
			buildSettings = {
				ASSETCATALOG_COMPILER_APPICON_NAME = AppIcon;
				ASSETCATALOG_COMPILER_GLOBAL_ACCENT_COLOR_NAME = AccentColor;
				CODE_SIGN_STYLE = Automatic;
				CURRENT_PROJECT_VERSION = 1;
				DEVELOPMENT_TEAM = KY6RAA56XA;
				GENERATE_INFOPLIST_FILE = YES;
				INFOPLIST_FILE = SampleApp/Info.plist;
				INFOPLIST_KEY_UIApplicationSupportsIndirectInputEvents = YES;
				INFOPLIST_KEY_UILaunchStoryboardName = LaunchScreen;
				INFOPLIST_KEY_UISupportedInterfaceOrientations_iPad = "UIInterfaceOrientationPortrait UIInterfaceOrientationPortraitUpsideDown UIInterfaceOrientationLandscapeLeft UIInterfaceOrientationLandscapeRight";
				INFOPLIST_KEY_UISupportedInterfaceOrientations_iPhone = "UIInterfaceOrientationPortrait UIInterfaceOrientationLandscapeLeft UIInterfaceOrientationLandscapeRight";
				LD_RUNPATH_SEARCH_PATHS = (
					"$(inherited)",
					"@executable_path/Frameworks",
				);
				MARKETING_VERSION = 1.0;
				PRODUCT_BUNDLE_IDENTIFIER = com.party.SampleApp;
				PRODUCT_NAME = "$(TARGET_NAME)";
				SWIFT_EMIT_LOC_STRINGS = YES;
				SWIFT_VERSION = 5.0;
				TARGETED_DEVICE_FAMILY = "1,2";
			};
			name = Release;
		};
		1CFED4F62BF2177F0001BE9D /* Debug */ = {
			isa = XCBuildConfiguration;
			buildSettings = {
				ALWAYS_EMBED_SWIFT_STANDARD_LIBRARIES = YES;
				BUNDLE_LOADER = "$(TEST_HOST)";
				CODE_SIGN_STYLE = Automatic;
				CURRENT_PROJECT_VERSION = 1;
				DEVELOPMENT_TEAM = KY6RAA56XA;
				GENERATE_INFOPLIST_FILE = YES;
				IPHONEOS_DEPLOYMENT_TARGET = 17.4;
				MARKETING_VERSION = 1.0;
				PRODUCT_BUNDLE_IDENTIFIER = com.party.SampleAppTests;
				PRODUCT_NAME = "$(TARGET_NAME)";
				SWIFT_EMIT_LOC_STRINGS = NO;
				SWIFT_VERSION = 5.0;
				TARGETED_DEVICE_FAMILY = "1,2";
				TEST_HOST = "$(BUILT_PRODUCTS_DIR)/SampleApp.app/$(BUNDLE_EXECUTABLE_FOLDER_PATH)/SampleApp";
			};
			name = Debug;
		};
		1CFED4F72BF2177F0001BE9D /* Release */ = {
			isa = XCBuildConfiguration;
			buildSettings = {
				ALWAYS_EMBED_SWIFT_STANDARD_LIBRARIES = YES;
				BUNDLE_LOADER = "$(TEST_HOST)";
				CODE_SIGN_STYLE = Automatic;
				CURRENT_PROJECT_VERSION = 1;
				DEVELOPMENT_TEAM = KY6RAA56XA;
				GENERATE_INFOPLIST_FILE = YES;
				IPHONEOS_DEPLOYMENT_TARGET = 17.4;
				MARKETING_VERSION = 1.0;
				PRODUCT_BUNDLE_IDENTIFIER = com.party.SampleAppTests;
				PRODUCT_NAME = "$(TARGET_NAME)";
				SWIFT_EMIT_LOC_STRINGS = NO;
				SWIFT_VERSION = 5.0;
				TARGETED_DEVICE_FAMILY = "1,2";
				TEST_HOST = "$(BUILT_PRODUCTS_DIR)/SampleApp.app/$(BUNDLE_EXECUTABLE_FOLDER_PATH)/SampleApp";
			};
			name = Release;
		};
		1CFED4F92BF2177F0001BE9D /* Debug */ = {
			isa = XCBuildConfiguration;
			buildSettings = {
				ALWAYS_EMBED_SWIFT_STANDARD_LIBRARIES = YES;
				CODE_SIGN_STYLE = Automatic;
				CURRENT_PROJECT_VERSION = 1;
				DEVELOPMENT_TEAM = KY6RAA56XA;
				GENERATE_INFOPLIST_FILE = YES;
				MARKETING_VERSION = 1.0;
				PRODUCT_BUNDLE_IDENTIFIER = com.party.SampleAppUITests;
				PRODUCT_NAME = "$(TARGET_NAME)";
				SWIFT_EMIT_LOC_STRINGS = NO;
				SWIFT_VERSION = 5.0;
				TARGETED_DEVICE_FAMILY = "1,2";
				TEST_TARGET_NAME = SampleApp;
			};
			name = Debug;
		};
		1CFED4FA2BF2177F0001BE9D /* Release */ = {
			isa = XCBuildConfiguration;
			buildSettings = {
				ALWAYS_EMBED_SWIFT_STANDARD_LIBRARIES = YES;
				CODE_SIGN_STYLE = Automatic;
				CURRENT_PROJECT_VERSION = 1;
				DEVELOPMENT_TEAM = KY6RAA56XA;
				GENERATE_INFOPLIST_FILE = YES;
				MARKETING_VERSION = 1.0;
				PRODUCT_BUNDLE_IDENTIFIER = com.party.SampleAppUITests;
				PRODUCT_NAME = "$(TARGET_NAME)";
				SWIFT_EMIT_LOC_STRINGS = NO;
				SWIFT_VERSION = 5.0;
				TARGETED_DEVICE_FAMILY = "1,2";
				TEST_TARGET_NAME = SampleApp;
			};
			name = Release;
		};
/* End XCBuildConfiguration section */

/* Begin XCConfigurationList section */
		1CFED4C32BF2177C0001BE9D /* Build configuration list for PBXProject "SampleApp" */ = {
			isa = XCConfigurationList;
			buildConfigurations = (
				1CFED4F02BF2177F0001BE9D /* Debug */,
				1CFED4F12BF2177F0001BE9D /* Release */,
			);
			defaultConfigurationIsVisible = 0;
			defaultConfigurationName = Release;
		};
		1CFED4F22BF2177F0001BE9D /* Build configuration list for PBXNativeTarget "SampleApp" */ = {
			isa = XCConfigurationList;
			buildConfigurations = (
				1CFED4F32BF2177F0001BE9D /* Debug */,
				1CFED4F42BF2177F0001BE9D /* Release */,
			);
			defaultConfigurationIsVisible = 0;
			defaultConfigurationName = Release;
		};
		1CFED4F52BF2177F0001BE9D /* Build configuration list for PBXNativeTarget "SampleAppTests" */ = {
			isa = XCConfigurationList;
			buildConfigurations = (
				1CFED4F62BF2177F0001BE9D /* Debug */,
				1CFED4F72BF2177F0001BE9D /* Release */,
			);
			defaultConfigurationIsVisible = 0;
			defaultConfigurationName = Release;
		};
		1CFED4F82BF2177F0001BE9D /* Build configuration list for PBXNativeTarget "SampleAppUITests" */ = {
			isa = XCConfigurationList;
			buildConfigurations = (
				1CFED4F92BF2177F0001BE9D /* Debug */,
				1CFED4FA2BF2177F0001BE9D /* Release */,
			);
			defaultConfigurationIsVisible = 0;
			defaultConfigurationName = Release;
		};
/* End XCConfigurationList section */
	};
	rootObject = 1CFED4C02BF2177C0001BE9D /* Project object */;
}
